
Microsoft Visual Studio Solution File, Format Version 12.00
# Visual Studio Version 17
VisualStudioVersion = 17.14.36811.4 d17.14
MinimumVisualStudioVersion = 10.0.40219.1
Project("{FAE04EC0-301F-11D3-BF4B-00C04F79EFBC}") = "dad_ZamfirTamina", "dad_ZamfirTamina\dad_ZamfirTamina.csproj", "{11B2451D-AE25-43FE-9456-C3075A887A8A}"
EndProject
Global
	GlobalSection(SolutionConfigurationPlatforms) = preSolution
		Debug|Any CPU = Debug|Any CPU
		Release|Any CPU = Release|Any CPU
	EndGlobalSection
	GlobalSection(ProjectConfigurationPlatforms) = postSolution
		{11B2451D-AE25-43FE-9456-C3075A887A8A}.Debug|Any CPU.ActiveCfg = Debug|Any CPU
		{11B2451D-AE25-43FE-9456-C3075A887A8A}.Debug|Any CPU.Build.0 = Debug|Any CPU
		{11B2451D-AE25-43FE-9456-C3075A887A8A}.Release|Any CPU.ActiveCfg = Release|Any CPU
		{11B2451D-AE25-43FE-9456-C3075A887A8A}.Release|Any CPU.Build.0 = Release|Any CPU
	EndGlobalSection
	GlobalSection(SolutionProperties) = preSolution
		HideSolutionNode = FALSE
	EndGlobalSection
	GlobalSection(ExtensibilityGlobals) = postSolution
		SolutionGuid = {B44AA6A9-7859-40D9-832A-FB3D362B03F6}
	EndGlobalSection
EndGlobal
